// !$*UTF8*$!
{
	archiveVersion = 1;
	classes = {
	};
	objectVersion = 55;
	objects = {

/* Begin PBXBuildFile section */
		BE479BBF2763C99300B62310 /* AppDelegate.swift in Sources */ = {isa = PBXBuildFile; fileRef = BE479BBE2763C99300B62310 /* AppDelegate.swift */; };
		BE479BC12763C99300B62310 /* SceneDelegate.swift in Sources */ = {isa = PBXBuildFile; fileRef = BE479BC02763C99300B62310 /* SceneDelegate.swift */; };
		BE479BC32763C99300B62310 /* ViewController.swift in Sources */ = {isa = PBXBuildFile; fileRef = BE479BC22763C99300B62310 /* ViewController.swift */; };
		BE479BC62763C99300B62310 /* Main.storyboard in Resources */ = {isa = PBXBuildFile; fileRef = BE479BC42763C99300B62310 /* Main.storyboard */; };
		BE479BC82763C99400B62310 /* Assets.xcassets in Resources */ = {isa = PBXBuildFile; fileRef = BE479BC72763C99400B62310 /* Assets.xcassets */; };
		BE479BCB2763C99400B62310 /* LaunchScreen.storyboard in Resources */ = {isa = PBXBuildFile; fileRef = BE479BC92763C99400B62310 /* LaunchScreen.storyboard */; };
		BE479BD32763CAB600B62310 /* SignUpViewController.swift in Sources */ = {isa = PBXBuildFile; fileRef = BE479BD22763CAB600B62310 /* SignUpViewController.swift */; };
		BE479BD52763CAD200B62310 /* LoginViewController.swift in Sources */ = {isa = PBXBuildFile; fileRef = BE479BD42763CAD200B62310 /* LoginViewController.swift */; };
		BE479BD72763CAEE00B62310 /* HomeViewController.swift in Sources */ = {isa = PBXBuildFile; fileRef = BE479BD62763CAEE00B62310 /* HomeViewController.swift */; };
		BE9A405F2772B9FB00EB184F /* Utilities.swift in Sources */ = {isa = PBXBuildFile; fileRef = BE9A405D2772B9FB00EB184F /* Utilities.swift */; };
/* End PBXBuildFile section */

/* Begin PBXFileReference section */
		BE479BBB2763C99300B62310 /* EarningsDates.app */ = {isa = PBXFileReference; explicitFileType = wrapper.application; includeInIndex = 0; path = EarningsDates.app; sourceTree = BUILT_PRODUCTS_DIR; };
		BE479BBE2763C99300B62310 /* AppDelegate.swift */ = {isa = PBXFileReference; lastKnownFileType = sourcecode.swift; path = AppDelegate.swift; sourceTree = "<group>"; };
		BE479BC02763C99300B62310 /* SceneDelegate.swift */ = {isa = PBXFileReference; lastKnownFileType = sourcecode.swift; path = SceneDelegate.swift; sourceTree = "<group>"; };
		BE479BC22763C99300B62310 /* ViewController.swift */ = {isa = PBXFileReference; lastKnownFileType = sourcecode.swift; path = ViewController.swift; sourceTree = "<group>"; };
		BE479BC52763C99300B62310 /* Base */ = {isa = PBXFileReference; lastKnownFileType = file.storyboard; name = Base; path = Base.lproj/Main.storyboard; sourceTree = "<group>"; };
		BE479BC72763C99400B62310 /* Assets.xcassets */ = {isa = PBXFileReference; lastKnownFileType = folder.assetcatalog; path = Assets.xcassets; sourceTree = "<group>"; };
		BE479BCA2763C99400B62310 /* Base */ = {isa = PBXFileReference; lastKnownFileType = file.storyboard; name = Base; path = Base.lproj/LaunchScreen.storyboard; sourceTree = "<group>"; };
		BE479BCC2763C99400B62310 /* Info.plist */ = {isa = PBXFileReference; lastKnownFileType = text.plist.xml; path = Info.plist; sourceTree = "<group>"; };
		BE479BD22763CAB600B62310 /* SignUpViewController.swift */ = {isa = PBXFileReference; lastKnownFileType = sourcecode.swift; path = SignUpViewController.swift; sourceTree = "<group>"; };
		BE479BD42763CAD200B62310 /* LoginViewController.swift */ = {isa = PBXFileReference; lastKnownFileType = sourcecode.swift; path = LoginViewController.swift; sourceTree = "<group>"; };
		BE479BD62763CAEE00B62310 /* HomeViewController.swift */ = {isa = PBXFileReference; lastKnownFileType = sourcecode.swift; path = HomeViewController.swift; sourceTree = "<group>"; };
		BE9A405D2772B9FB00EB184F /* Utilities.swift */ = {isa = PBXFileReference; fileEncoding = 4; lastKnownFileType = sourcecode.swift; path = Utilities.swift; sourceTree = "<group>"; };
/* End PBXFileReference section */

/* Begin PBXFrameworksBuildPhase section */
		BE479BB82763C99300B62310 /* Frameworks */ = {
			isa = PBXFrameworksBuildPhase;
			buildActionMask = 2147483647;
			files = (
			);
			runOnlyForDeploymentPostprocessing = 0;
		};
/* End PBXFrameworksBuildPhase section */

/* Begin PBXGroup section */
		BE479BB22763C99300B62310 = {
			isa = PBXGroup;
			children = (
				BE479BBD2763C99300B62310 /* EarningsDates */,
				BE479BBC2763C99300B62310 /* Products */,
			);
			sourceTree = "<group>";
		};
		BE479BBC2763C99300B62310 /* Products */ = {
			isa = PBXGroup;
			children = (
				BE479BBB2763C99300B62310 /* EarningsDates.app */,
			);
			name = Products;
			sourceTree = "<group>";
		};
		BE479BBD2763C99300B62310 /* EarningsDates */ = {
			isa = PBXGroup;
			children = (
				BE479BBE2763C99300B62310 /* AppDelegate.swift */,
				BE479BC02763C99300B62310 /* SceneDelegate.swift */,
				BE9A405B2772B9FB00EB184F /* Helpers */,
				BE479BD82763CB2400B62310 /* ViewControllers */,
				BE479BC42763C99300B62310 /* Main.storyboard */,
				BE479BC72763C99400B62310 /* Assets.xcassets */,
				BE479BC92763C99400B62310 /* LaunchScreen.storyboard */,
				BE479BCC2763C99400B62310 /* Info.plist */,
			);
			path = EarningsDates;
			sourceTree = "<group>";
		};
		BE479BD82763CB2400B62310 /* ViewControllers */ = {
			isa = PBXGroup;
			children = (
				BE479BD22763CAB600B62310 /* SignUpViewController.swift */,
				BE479BC22763C99300B62310 /* ViewController.swift */,
				BE479BD42763CAD200B62310 /* LoginViewController.swift */,
				BE479BD62763CAEE00B62310 /* HomeViewController.swift */,
			);
			path = ViewControllers;
			sourceTree = "<group>";
		};
		BE9A405B2772B9FB00EB184F /* Helpers */ = {
			isa = PBXGroup;
			children = (
				BE9A405D2772B9FB00EB184F /* Utilities.swift */,
			);
			path = Helpers;
			sourceTree = "<group>";
		};
/* End PBXGroup section */

/* Begin PBXNativeTarget section */
		BE479BBA2763C99300B62310 /* EarningsDates */ = {
			isa = PBXNativeTarget;
			buildConfigurationList = BE479BCF2763C99400B62310 /* Build configuration list for PBXNativeTarget "EarningsDates" */;
			buildPhases = (
				BE479BB72763C99300B62310 /* Sources */,
				BE479BB82763C99300B62310 /* Frameworks */,
				BE479BB92763C99300B62310 /* Resources */,
			);
			buildRules = (
			);
			dependencies = (
			);
			name = EarningsDates;
			productName = EarningsDates;
			productReference = BE479BBB2763C99300B62310 /* EarningsDates.app */;
			productType = "com.apple.product-type.application";
		};
/* End PBXNativeTarget section */

/* Begin PBXProject section */
		BE479BB32763C99300B62310 /* Project object */ = {
			isa = PBXProject;
			attributes = {
				BuildIndependentTargetsInParallel = 1;
				LastSwiftUpdateCheck = 1310;
				LastUpgradeCheck = 1310;
				TargetAttributes = {
					BE479BBA2763C99300B62310 = {
						CreatedOnToolsVersion = 13.1;
					};
				};
			};
			buildConfigurationList = BE479BB62763C99300B62310 /* Build configuration list for PBXProject "EarningsDates" */;
			compatibilityVersion = "Xcode 13.0";
			developmentRegion = en;
			hasScannedForEncodings = 0;
			knownRegions = (
				en,
				Base,
			);
			mainGroup = BE479BB22763C99300B62310;
			productRefGroup = BE479BBC2763C99300B62310 /* Products */;
			projectDirPath = "";
			projectRoot = "";
			targets = (
				BE479BBA2763C99300B62310 /* EarningsDates */,
			);
		};
/* End PBXProject section */

/* Begin PBXResourcesBuildPhase section */
		BE479BB92763C99300B62310 /* Resources */ = {
			isa = PBXResourcesBuildPhase;
			buildActionMask = 2147483647;
			files = (
				BE479BCB2763C99400B62310 /* LaunchScreen.storyboard in Resources */,
				BE479BC82763C99400B62310 /* Assets.xcassets in Resources */,
				BE479BC62763C99300B62310 /* Main.storyboard in Resources */,
			);
			runOnlyForDeploymentPostprocessing = 0;
		};
/* End PBXResourcesBuildPhase section */

/* Begin PBXSourcesBuildPhase section */
		BE479BB72763C99300B62310 /* Sources */ = {
			isa = PBXSourcesBuildPhase;
			buildActionMask = 2147483647;
			files = (
				BE479BC32763C99300B62310 /* ViewController.swift in Sources */,
				BE479BBF2763C99300B62310 /* AppDelegate.swift in Sources */,
				BE479BD32763CAB600B62310 /* SignUpViewController.swift in Sources */,
				BE479BD52763CAD200B62310 /* LoginViewController.swift in Sources */,
				BE479BC12763C99300B62310 /* SceneDelegate.swift in Sources */,
				BE9A405F2772B9FB00EB184F /* Utilities.swift in Sources */,
				BE479BD72763CAEE00B62310 /* HomeViewController.swift in Sources */,
			);
			runOnlyForDeploymentPostprocessing = 0;
		};
/* End PBXSourcesBuildPhase section */

/* Begin PBXVariantGroup section */
		BE479BC42763C99300B62310 /* Main.storyboard */ = {
			isa = PBXVariantGroup;
			children = (
				BE479BC52763C99300B62310 /* Base */,
			);
			name = Main.storyboard;
			sourceTree = "<group>";
		};
		BE479BC92763C99400B62310 /* LaunchScreen.storyboard */ = {
			isa = PBXVariantGroup;
			children = (
				BE479BCA2763C99400B62310 /* Base */,
			);
			name = LaunchScreen.storyboard;
			sourceTree = "<group>";
		};
/* End PBXVariantGroup section */

/* Begin XCBuildConfiguration section */
		BE479BCD2763C99400B62310 /* Debug */ = {
			isa = XCBuildConfiguration;
			buildSettings = {
				ALWAYS_SEARCH_USER_PATHS = NO;
				CLANG_ANALYZER_NONNULL = YES;
				CLANG_ANALYZER_NUMBER_OBJECT_CONVERSION = YES_AGGRESSIVE;
				CLANG_CXX_LANGUAGE_STANDARD = "gnu++17";
				CLANG_CXX_LIBRARY = "libc++";
				CLANG_ENABLE_MODULES = YES;
				CLANG_ENABLE_OBJC_ARC = YES;
				CLANG_ENABLE_OBJC_WEAK = YES;
				CLANG_WARN_BLOCK_CAPTURE_AUTORELEASING = YES;
				CLANG_WARN_BOOL_CONVERSION = YES;
				CLANG_WARN_COMMA = YES;
				CLANG_WARN_CONSTANT_CONVERSION = YES;
				CLANG_WARN_DEPRECATED_OBJC_IMPLEMENTATIONS = YES;
				CLANG_WARN_DIRECT_OBJC_ISA_USAGE = YES_ERROR;
				CLANG_WARN_DOCUMENTATION_COMMENTS = YES;
				CLANG_WARN_EMPTY_BODY = YES;
				CLANG_WARN_ENUM_CONVERSION = YES;
				CLANG_WARN_INFINITE_RECURSION = YES;
				CLANG_WARN_INT_CONVERSION = YES;
				CLANG_WARN_NON_LITERAL_NULL_CONVERSION = YES;
				CLANG_WARN_OBJC_IMPLICIT_RETAIN_SELF = YES;
				CLANG_WARN_OBJC_LITERAL_CONVERSION = YES;
				CLANG_WARN_OBJC_ROOT_CLASS = YES_ERROR;
				CLANG_WARN_QUOTED_INCLUDE_IN_FRAMEWORK_HEADER = YES;
				CLANG_WARN_RANGE_LOOP_ANALYSIS = YES;
				CLANG_WARN_STRICT_PROTOTYPES = YES;
				CLANG_WARN_SUSPICIOUS_MOVE = YES;
				CLANG_WARN_UNGUARDED_AVAILABILITY = YES_AGGRESSIVE;
				CLANG_WARN_UNREACHABLE_CODE = YES;
				CLANG_WARN__DUPLICATE_METHOD_MATCH = YES;
				COPY_PHASE_STRIP = NO;
				DEBUG_INFORMATION_FORMAT = dwarf;
				ENABLE_STRICT_OBJC_MSGSEND = YES;
				ENABLE_TESTABILITY = YES;
				GCC_C_LANGUAGE_STANDARD = gnu11;
				GCC_DYNAMIC_NO_PIC = NO;
				GCC_NO_COMMON_BLOCKS = YES;
				GCC_OPTIMIZATION_LEVEL = 0;
				GCC_PREPROCESSOR_DEFINITIONS = (
					"DEBUG=1",
					"$(inherited)",
				);
				GCC_WARN_64_TO_32_BIT_CONVERSION = YES;
				GCC_WARN_ABOUT_RETURN_TYPE = YES_ERROR;
				GCC_WARN_UNDECLARED_SELECTOR = YES;
				GCC_WARN_UNINITIALIZED_AUTOS = YES_AGGRESSIVE;
				GCC_WARN_UNUSED_FUNCTION = YES;
				GCC_WARN_UNUSED_VARIABLE = YES;
				IPHONEOS_DEPLOYMENT_TARGET = 15.0;
				MTL_ENABLE_DEBUG_INFO = INCLUDE_SOURCE;
				MTL_FAST_MATH = YES;
				ONLY_ACTIVE_ARCH = YES;
				SDKROOT = iphoneos;
				SWIFT_ACTIVE_COMPILATION_CONDITIONS = DEBUG;
				SWIFT_OPTIMIZATION_LEVEL = "-Onone";
			};
			name = Debug;
		};
		BE479BCE2763C99400B62310 /* Release */ = {
			isa = XCBuildConfiguration;
			buildSettings = {
				ALWAYS_SEARCH_USER_PATHS = NO;
				CLANG_ANALYZER_NONNULL = YES;
				CLANG_ANALYZER_NUMBER_OBJECT_CONVERSION = YES_AGGRESSIVE;
				CLANG_CXX_LANGUAGE_STANDARD = "gnu++17";
				CLANG_CXX_LIBRARY = "libc++";
				CLANG_ENABLE_MODULES = YES;
				CLANG_ENABLE_OBJC_ARC = YES;
				CLANG_ENABLE_OBJC_WEAK = YES;
				CLANG_WARN_BLOCK_CAPTURE_AUTORELEASING = YES;
				CLANG_WARN_BOOL_CONVERSION = YES;
				CLANG_WARN_COMMA = YES;
				CLANG_WARN_CONSTANT_CONVERSION = YES;
				CLANG_WARN_DEPRECATED_OBJC_IMPLEMENTATIONS = YES;
				CLANG_WARN_DIRECT_OBJC_ISA_USAGE = YES_ERROR;
				CLANG_WARN_DOCUMENTATION_COMMENTS = YES;
				CLANG_WARN_EMPTY_BODY = YES;
				CLANG_WARN_ENUM_CONVERSION = YES;
				CLANG_WARN_INFINITE_RECURSION = YES;
				CLANG_WARN_INT_CONVERSION = YES;
				CLANG_WARN_NON_LITERAL_NULL_CONVERSION = YES;
				CLANG_WARN_OBJC_IMPLICIT_RETAIN_SELF = YES;
				CLANG_WARN_OBJC_LITERAL_CONVERSION = YES;
				CLANG_WARN_OBJC_ROOT_CLASS = YES_ERROR;
				CLANG_WARN_QUOTED_INCLUDE_IN_FRAMEWORK_HEADER = YES;
				CLANG_WARN_RANGE_LOOP_ANALYSIS = YES;
				CLANG_WARN_STRICT_PROTOTYPES = YES;
				CLANG_WARN_SUSPICIOUS_MOVE = YES;
				CLANG_WARN_UNGUARDED_AVAILABILITY = YES_AGGRESSIVE;
				CLANG_WARN_UNREACHABLE_CODE = YES;
				CLANG_WARN__DUPLICATE_METHOD_MATCH = YES;
				COPY_PHASE_STRIP = NO;
				DEBUG_INFORMATION_FORMAT = "dwarf-with-dsym";
				ENABLE_NS_ASSERTIONS = NO;
				ENABLE_STRICT_OBJC_MSGSEND = YES;
				GCC_C_LANGUAGE_STANDARD = gnu11;
				GCC_NO_COMMON_BLOCKS = YES;
				GCC_WARN_64_TO_32_BIT_CONVERSION = YES;
				GCC_WARN_ABOUT_RETURN_TYPE = YES_ERROR;
				GCC_WARN_UNDECLARED_SELECTOR = YES;
				GCC_WARN_UNINITIALIZED_AUTOS = YES_AGGRESSIVE;
				GCC_WARN_UNUSED_FUNCTION = YES;
				GCC_WARN_UNUSED_VARIABLE = YES;
				IPHONEOS_DEPLOYMENT_TARGET = 15.0;
				MTL_ENABLE_DEBUG_INFO = NO;
				MTL_FAST_MATH = YES;
				SDKROOT = iphoneos;
				SWIFT_COMPILATION_MODE = wholemodule;
				SWIFT_OPTIMIZATION_LEVEL = "-O";
				VALIDATE_PRODUCT = YES;
			};
			name = Release;
		};
		BE479BD02763C99400B62310 /* Debug */ = {
			isa = XCBuildConfiguration;
			buildSettings = {
				ASSETCATALOG_COMPILER_APPICON_NAME = AppIcon;
				ASSETCATALOG_COMPILER_GLOBAL_ACCENT_COLOR_NAME = AccentColor;
				CODE_SIGN_STYLE = Automatic;
				CURRENT_PROJECT_VERSION = 1;
				DEVELOPMENT_TEAM = FBCVNX3KGF;
				GENERATE_INFOPLIST_FILE = YES;
				INFOPLIST_FILE = EarningsDates/Info.plist;
				INFOPLIST_KEY_UIApplicationSupportsIndirectInputEvents = YES;
				INFOPLIST_KEY_UILaunchStoryboardName = LaunchScreen;
				INFOPLIST_KEY_UIMainStoryboardFile = Main;
				INFOPLIST_KEY_UISupportedInterfaceOrientations_iPad = "UIInterfaceOrientationPortrait UIInterfaceOrientationPortraitUpsideDown UIInterfaceOrientationLandscapeLeft UIInterfaceOrientationLandscapeRight";
				INFOPLIST_KEY_UISupportedInterfaceOrientations_iPhone = "UIInterfaceOrientationPortrait UIInterfaceOrientationLandscapeLeft UIInterfaceOrientationLandscapeRight";
				LD_RUNPATH_SEARCH_PATHS = (
					"$(inherited)",
					"@executable_path/Frameworks",
				);
				MARKETING_VERSION = 1.0;
				PRODUCT_BUNDLE_IDENTIFIER = com.ADR..EarningsDates;
				PRODUCT_NAME = "$(TARGET_NAME)";
				SWIFT_EMIT_LOC_STRINGS = YES;
				SWIFT_VERSION = 5.0;
				TARGETED_DEVICE_FAMILY = "1,2";
			};
			name = Debug;
		};
		BE479BD12763C99400B62310 /* Release */ = {
			isa = XCBuildConfiguration;
			buildSettings = {
				ASSETCATALOG_COMPILER_APPICON_NAME = AppIcon;
				ASSETCATALOG_COMPILER_GLOBAL_ACCENT_COLOR_NAME = AccentColor;
				CODE_SIGN_STYLE = Automatic;
				CURRENT_PROJECT_VERSION = 1;
				DEVELOPMENT_TEAM = FBCVNX3KGF;
				GENERATE_INFOPLIST_FILE = YES;
				INFOPLIST_FILE = EarningsDates/Info.plist;
				INFOPLIST_KEY_UIApplicationSupportsIndirectInputEvents = YES;
				INFOPLIST_KEY_UILaunchStoryboardName = LaunchScreen;
				INFOPLIST_KEY_UIMainStoryboardFile = Main;
				INFOPLIST_KEY_UISupportedInterfaceOrientations_iPad = "UIInterfaceOrientationPortrait UIInterfaceOrientationPortraitUpsideDown UIInterfaceOrientationLandscapeLeft UIInterfaceOrientationLandscapeRight";
				INFOPLIST_KEY_UISupportedInterfaceOrientations_iPhone = "UIInterfaceOrientationPortrait UIInterfaceOrientationLandscapeLeft UIInterfaceOrientationLandscapeRight";
				LD_RUNPATH_SEARCH_PATHS = (
					"$(inherited)",
					"@executable_path/Frameworks",
				);
				MARKETING_VERSION = 1.0;
				PRODUCT_BUNDLE_IDENTIFIER = com.ADR..EarningsDates;
				PRODUCT_NAME = "$(TARGET_NAME)";
				SWIFT_EMIT_LOC_STRINGS = YES;
				SWIFT_VERSION = 5.0;
				TARGETED_DEVICE_FAMILY = "1,2";
			};
			name = Release;
		};
/* End XCBuildConfiguration section */

/* Begin XCConfigurationList section */
		BE479BB62763C99300B62310 /* Build configuration list for PBXProject "EarningsDates" */ = {
			isa = XCConfigurationList;
			buildConfigurations = (
				BE479BCD2763C99400B62310 /* Debug */,
				BE479BCE2763C99400B62310 /* Release */,
			);
			defaultConfigurationIsVisible = 0;
			defaultConfigurationName = Release;
		};
		BE479BCF2763C99400B62310 /* Build configuration list for PBXNativeTarget "EarningsDates" */ = {
			isa = XCConfigurationList;
			buildConfigurations = (
				BE479BD02763C99400B62310 /* Debug */,
				BE479BD12763C99400B62310 /* Release */,
			);
			defaultConfigurationIsVisible = 0;
			defaultConfigurationName = Release;
		};
/* End XCConfigurationList section */
	};
	rootObject = BE479BB32763C99300B62310 /* Project object */;
}
